
Microsoft Visual Studio Solution File, Format Version 11.00
# Visual Studio 2010
Project("{FAE04EC0-301F-11D3-BF4B-00C04F79EFBC}") = "SQLWebProxySharpTest", "SQLWebProxySharpTest\SQLWebProxySharpTest.csproj", "{98A8C437-34B6-462D-80E6-4EC8AD4AF248}"
EndProject
Project("{2150E333-8FDC-42A3-9474-1A3956D46DE8}") = "Github", "Github", "{2A0E1099-821B-4E05-92DD-77BB347206BC}"
	ProjectSection(SolutionItems) = preProject
		AUTHORS = AUTHORS
		LICENSE = LICENSE
		README = README
	EndProjectSection
EndProject
Project("{FAE04EC0-301F-11D3-BF4B-00C04F79EFBC}") = "SQLWebProxySharp", "SQLWebProxySharp\SQLWebProxySharp.csproj", "{15127202-885A-4F00-BD4D-2CE8DB6250C3}"
EndProject
Project("{FAE04EC0-301F-11D3-BF4B-00C04F79EFBC}") = "SQLWebProxySharpClient", "SQLWebProxySharpClient\SQLWebProxySharpClient.csproj", "{DF537A7A-1FF1-4035-B632-0856F8928B2A}"
EndProject
Global
	GlobalSection(SolutionConfigurationPlatforms) = preSolution
		Debug|Any CPU = Debug|Any CPU
		Debug|Mixed Platforms = Debug|Mixed Platforms
		Debug|x86 = Debug|x86
		Release|Any CPU = Release|Any CPU
		Release|Mixed Platforms = Release|Mixed Platforms
		Release|x86 = Release|x86
	EndGlobalSection
	GlobalSection(ProjectConfigurationPlatforms) = postSolution
		{98A8C437-34B6-462D-80E6-4EC8AD4AF248}.Debug|Any CPU.ActiveCfg = Debug|x86
		{98A8C437-34B6-462D-80E6-4EC8AD4AF248}.Debug|Mixed Platforms.ActiveCfg = Debug|x86
		{98A8C437-34B6-462D-80E6-4EC8AD4AF248}.Debug|Mixed Platforms.Build.0 = Debug|x86
		{98A8C437-34B6-462D-80E6-4EC8AD4AF248}.Debug|x86.ActiveCfg = Debug|x86
		{98A8C437-34B6-462D-80E6-4EC8AD4AF248}.Debug|x86.Build.0 = Debug|x86
		{98A8C437-34B6-462D-80E6-4EC8AD4AF248}.Release|Any CPU.ActiveCfg = Release|x86
		{98A8C437-34B6-462D-80E6-4EC8AD4AF248}.Release|Mixed Platforms.ActiveCfg = Release|x86
		{98A8C437-34B6-462D-80E6-4EC8AD4AF248}.Release|Mixed Platforms.Build.0 = Release|x86
		{98A8C437-34B6-462D-80E6-4EC8AD4AF248}.Release|x86.ActiveCfg = Release|x86
		{98A8C437-34B6-462D-80E6-4EC8AD4AF248}.Release|x86.Build.0 = Release|x86
		{15127202-885A-4F00-BD4D-2CE8DB6250C3}.Debug|Any CPU.ActiveCfg = Debug|Any CPU
		{15127202-885A-4F00-BD4D-2CE8DB6250C3}.Debug|Any CPU.Build.0 = Debug|Any CPU
		{15127202-885A-4F00-BD4D-2CE8DB6250C3}.Debug|Mixed Platforms.ActiveCfg = Debug|Any CPU
		{15127202-885A-4F00-BD4D-2CE8DB6250C3}.Debug|Mixed Platforms.Build.0 = Debug|Any CPU
		{15127202-885A-4F00-BD4D-2CE8DB6250C3}.Debug|x86.ActiveCfg = Debug|Any CPU
		{15127202-885A-4F00-BD4D-2CE8DB6250C3}.Release|Any CPU.ActiveCfg = Release|Any CPU
		{15127202-885A-4F00-BD4D-2CE8DB6250C3}.Release|Any CPU.Build.0 = Release|Any CPU
		{15127202-885A-4F00-BD4D-2CE8DB6250C3}.Release|Mixed Platforms.ActiveCfg = Release|Any CPU
		{15127202-885A-4F00-BD4D-2CE8DB6250C3}.Release|Mixed Platforms.Build.0 = Release|Any CPU
		{15127202-885A-4F00-BD4D-2CE8DB6250C3}.Release|x86.ActiveCfg = Release|Any CPU
		{DF537A7A-1FF1-4035-B632-0856F8928B2A}.Debug|Any CPU.ActiveCfg = Debug|Any CPU
		{DF537A7A-1FF1-4035-B632-0856F8928B2A}.Debug|Any CPU.Build.0 = Debug|Any CPU
		{DF537A7A-1FF1-4035-B632-0856F8928B2A}.Debug|Mixed Platforms.ActiveCfg = Debug|Any CPU
		{DF537A7A-1FF1-4035-B632-0856F8928B2A}.Debug|Mixed Platforms.Build.0 = Debug|Any CPU
		{DF537A7A-1FF1-4035-B632-0856F8928B2A}.Debug|x86.ActiveCfg = Debug|Any CPU
		{DF537A7A-1FF1-4035-B632-0856F8928B2A}.Release|Any CPU.ActiveCfg = Release|Any CPU
		{DF537A7A-1FF1-4035-B632-0856F8928B2A}.Release|Any CPU.Build.0 = Release|Any CPU
		{DF537A7A-1FF1-4035-B632-0856F8928B2A}.Release|Mixed Platforms.ActiveCfg = Release|Any CPU
		{DF537A7A-1FF1-4035-B632-0856F8928B2A}.Release|Mixed Platforms.Build.0 = Release|Any CPU
		{DF537A7A-1FF1-4035-B632-0856F8928B2A}.Release|x86.ActiveCfg = Release|Any CPU
	EndGlobalSection
	GlobalSection(SolutionProperties) = preSolution
		HideSolutionNode = FALSE
	EndGlobalSection
EndGlobal
